
Microsoft Visual Studio Solution File, Format Version 12.00
# Visual Studio Version 17
VisualStudioVersion = 17.4.33110.190
MinimumVisualStudioVersion = 10.0.40219.1
Project("{2150E333-8FDC-42A3-9474-1A3956D46DE8}") = "Domain", "Domain", "{187F6D74-679A-4DDA-853D-8B0B28AD09C6}"
EndProject
Project("{2150E333-8FDC-42A3-9474-1A3956D46DE8}") = "Application", "Application", "{1F7D3F69-08B3-4439-910D-1D9A6B39AC55}"
EndProject
Project("{2150E333-8FDC-42A3-9474-1A3956D46DE8}") = "Infrastructure", "Infrastructure", "{230C45D6-880B-4FE1-845F-E7DFAC811AE0}"
EndProject
Project("{2150E333-8FDC-42A3-9474-1A3956D46DE8}") = "Presentation", "Presentation", "{22D48C95-DE01-4D68-866B-D4B79B3949BB}"
EndProject
Project("{9A19103F-16F7-4668-BE54-9A1E7A4F7556}") = "Core", "Domain\Core\Core.csproj", "{3D9273BC-7F2D-456D-83FB-D618DEBA7260}"
EndProject
Project("{9A19103F-16F7-4668-BE54-9A1E7A4F7556}") = "Kernel", "Domain\Kernel\Kernel.csproj", "{73C29F96-CD28-4680-9ECB-F9AC8DC00726}"
EndProject
Project("{9A19103F-16F7-4668-BE54-9A1E7A4F7556}") = "Core", "Application\Core\Core.csproj", "{66F34EA4-6886-445B-A37F-46D8390333D4}"
EndProject
Project("{9A19103F-16F7-4668-BE54-9A1E7A4F7556}") = "ApiClients", "Infrastructure\ApiClients\ApiClients.csproj", "{85FC4087-2928-4C4B-B64C-C5C347895EC4}"
EndProject
Project("{9A19103F-16F7-4668-BE54-9A1E7A4F7556}") = "Core", "Infrastructure\Core\Core.csproj", "{26F76977-F5B8-4892-87C8-F42719D60853}"
EndProject
Project("{9A19103F-16F7-4668-BE54-9A1E7A4F7556}") = "DataAccess", "Infrastructure\DataAccess\DataAccess.csproj", "{D80B13F4-6522-40E1-AD34-E27888D72374}"
EndProject
Project("{9A19103F-16F7-4668-BE54-9A1E7A4F7556}") = "Persistence", "Infrastructure\Persistence\Persistence.csproj", "{701C2FC7-A6D7-4714-B184-3B24630C6B2B}"
EndProject
Project("{2150E333-8FDC-42A3-9474-1A3956D46DE8}") = "Tests", "Tests", "{FDF1FEC0-A995-4058-B516-24571B7B8C60}"
	ProjectSection(SolutionItems) = preProject
		Tests\CodeCoverage.targets = Tests\CodeCoverage.targets
		Tests\Directory.Build.props = Tests\Directory.Build.props
		Tests\TestPackages.props = Tests\TestPackages.props
	EndProjectSection
EndProject
Project("{9A19103F-16F7-4668-BE54-9A1E7A4F7556}") = "UnitTests", "Tests\Application\UnitTests\UnitTests.csproj", "{B0C2E33D-AB9D-4BA1-89C7-4A80355913DA}"
EndProject
Project("{2150E333-8FDC-42A3-9474-1A3956D46DE8}") = "Application", "Application", "{A728FAB6-34D0-42DA-B78B-19AC3C1C52C7}"
EndProject
Project("{9A19103F-16F7-4668-BE54-9A1E7A4F7556}") = "IntegrationTests", "Tests\Application\IntegrationTests\IntegrationTests.csproj", "{53222BFC-8675-497F-8350-1CB17EBC79D9}"
EndProject
Project("{2150E333-8FDC-42A3-9474-1A3956D46DE8}") = "Domain", "Domain", "{01D09FBA-E539-46AE-8138-06018CA3C22B}"
EndProject
Project("{9A19103F-16F7-4668-BE54-9A1E7A4F7556}") = "UnitTests", "Tests\Domain\UnitTests\UnitTests.csproj", "{736114CB-F259-4DBA-992D-DCEBB74D4F4E}"
EndProject
Project("{2150E333-8FDC-42A3-9474-1A3956D46DE8}") = "Presentation", "Presentation", "{B47D0AEF-1225-46F3-8302-C2D6B019A842}"
EndProject
Project("{9A19103F-16F7-4668-BE54-9A1E7A4F7556}") = "API.IntegrationTests", "Tests\Presentation\API.IntegrationTests\API.IntegrationTests.csproj", "{B2CE7B94-4050-448D-8D77-D9441E9D9918}"
EndProject
Project("{2150E333-8FDC-42A3-9474-1A3956D46DE8}") = "Apps", "Apps", "{D01627FD-D208-4566-96AC-FBBFEB162B07}"
EndProject
Project("{9A19103F-16F7-4668-BE54-9A1E7A4F7556}") = "LandingApp.UITests", "Tests\Presentation\LandingApp.UITests\LandingApp.UITests.csproj", "{D68EE071-4B2A-498D-92B7-F31652D4ED80}"
EndProject
Project("{9A19103F-16F7-4668-BE54-9A1E7A4F7556}") = "PortalApp.UITests", "Tests\Presentation\PortalApp.UITests\PortalApp.UITests.csproj", "{B33DB18B-A2E8-45EE-B705-1BE3AB375657}"
EndProject
Project("{2150E333-8FDC-42A3-9474-1A3956D46DE8}") = "Solution Items", "Solution Items", "{399963F7-0701-4109-A69B-C454D01B2605}"
	ProjectSection(SolutionItems) = preProject
		.editorconfig = .editorconfig
		..\azure-pipelines.yml = ..\azure-pipelines.yml
		Directory.Build.props = Directory.Build.props
		global.json = global.json
	EndProjectSection
EndProject
Project("{9A19103F-16F7-4668-BE54-9A1E7A4F7556}") = "Kernel", "Application\Kernel\Kernel.csproj", "{ECF864A6-F731-4519-A40E-FC203FBCAD16}"
EndProject
Project("{2150E333-8FDC-42A3-9474-1A3956D46DE8}") = "Apps", "Apps", "{ADCB684E-E432-4E54-A569-7BB55F5A74AB}"
EndProject
Project("{9A19103F-16F7-4668-BE54-9A1E7A4F7556}") = "APIs", "Presentation\APIs\APIs\APIs.csproj", "{4E5DA167-358D-490D-98CB-56FEAB5B979C}"
EndProject
Project("{9A19103F-16F7-4668-BE54-9A1E7A4F7556}") = "PortalApp.Server", "Presentation\Apps\PortalApp.Server\PortalApp.Server.csproj", "{DFD936B5-B3BF-47C9-9173-1866B272243E}"
EndProject
Project("{9A19103F-16F7-4668-BE54-9A1E7A4F7556}") = "PortalApp.Client", "Presentation\Apps\PortalApp.Client\PortalApp.Client.csproj", "{FD5833F9-9157-41E3-B149-08844DB63761}"
EndProject
Project("{9A19103F-16F7-4668-BE54-9A1E7A4F7556}") = "Shared", "Presentation\Apps\Shared\Shared.csproj", "{19567FD4-FCCD-40BB-A0C3-FFB742862E13}"
EndProject
Project("{9A19103F-16F7-4668-BE54-9A1E7A4F7556}") = "LandingApp.Client", "Presentation\Apps\LandingApp.Client\LandingApp.Client.csproj", "{1184BF7F-067B-4901-8AD4-32C3313FF332}"
EndProject
Project("{9A19103F-16F7-4668-BE54-9A1E7A4F7556}") = "LandingApp.Server", "Presentation\Apps\LandingApp.Server\LandingApp.Server.csproj", "{F9CF32D0-4B26-458C-8305-F4CC4B24584B}"
EndProject
Global
	GlobalSection(SolutionConfigurationPlatforms) = preSolution
		Debug|Any CPU = Debug|Any CPU
		Release|Any CPU = Release|Any CPU
	EndGlobalSection
	GlobalSection(ProjectConfigurationPlatforms) = postSolution
		{3D9273BC-7F2D-456D-83FB-D618DEBA7260}.Debug|Any CPU.ActiveCfg = Debug|Any CPU
		{3D9273BC-7F2D-456D-83FB-D618DEBA7260}.Debug|Any CPU.Build.0 = Debug|Any CPU
		{3D9273BC-7F2D-456D-83FB-D618DEBA7260}.Release|Any CPU.ActiveCfg = Release|Any CPU
		{3D9273BC-7F2D-456D-83FB-D618DEBA7260}.Release|Any CPU.Build.0 = Release|Any CPU
		{73C29F96-CD28-4680-9ECB-F9AC8DC00726}.Debug|Any CPU.ActiveCfg = Debug|Any CPU
		{73C29F96-CD28-4680-9ECB-F9AC8DC00726}.Debug|Any CPU.Build.0 = Debug|Any CPU
		{73C29F96-CD28-4680-9ECB-F9AC8DC00726}.Release|Any CPU.ActiveCfg = Release|Any CPU
		{73C29F96-CD28-4680-9ECB-F9AC8DC00726}.Release|Any CPU.Build.0 = Release|Any CPU
		{66F34EA4-6886-445B-A37F-46D8390333D4}.Debug|Any CPU.ActiveCfg = Debug|Any CPU
		{66F34EA4-6886-445B-A37F-46D8390333D4}.Debug|Any CPU.Build.0 = Debug|Any CPU
		{66F34EA4-6886-445B-A37F-46D8390333D4}.Release|Any CPU.ActiveCfg = Release|Any CPU
		{66F34EA4-6886-445B-A37F-46D8390333D4}.Release|Any CPU.Build.0 = Release|Any CPU
		{85FC4087-2928-4C4B-B64C-C5C347895EC4}.Debug|Any CPU.ActiveCfg = Debug|Any CPU
		{85FC4087-2928-4C4B-B64C-C5C347895EC4}.Debug|Any CPU.Build.0 = Debug|Any CPU
		{85FC4087-2928-4C4B-B64C-C5C347895EC4}.Release|Any CPU.ActiveCfg = Release|Any CPU
		{85FC4087-2928-4C4B-B64C-C5C347895EC4}.Release|Any CPU.Build.0 = Release|Any CPU
		{26F76977-F5B8-4892-87C8-F42719D60853}.Debug|Any CPU.ActiveCfg = Debug|Any CPU
		{26F76977-F5B8-4892-87C8-F42719D60853}.Debug|Any CPU.Build.0 = Debug|Any CPU
		{26F76977-F5B8-4892-87C8-F42719D60853}.Release|Any CPU.ActiveCfg = Release|Any CPU
		{26F76977-F5B8-4892-87C8-F42719D60853}.Release|Any CPU.Build.0 = Release|Any CPU
		{D80B13F4-6522-40E1-AD34-E27888D72374}.Debug|Any CPU.ActiveCfg = Debug|Any CPU
		{D80B13F4-6522-40E1-AD34-E27888D72374}.Debug|Any CPU.Build.0 = Debug|Any CPU
		{D80B13F4-6522-40E1-AD34-E27888D72374}.Release|Any CPU.ActiveCfg = Release|Any CPU
		{D80B13F4-6522-40E1-AD34-E27888D72374}.Release|Any CPU.Build.0 = Release|Any CPU
		{701C2FC7-A6D7-4714-B184-3B24630C6B2B}.Debug|Any CPU.ActiveCfg = Debug|Any CPU
		{701C2FC7-A6D7-4714-B184-3B24630C6B2B}.Debug|Any CPU.Build.0 = Debug|Any CPU
		{701C2FC7-A6D7-4714-B184-3B24630C6B2B}.Release|Any CPU.ActiveCfg = Release|Any CPU
		{701C2FC7-A6D7-4714-B184-3B24630C6B2B}.Release|Any CPU.Build.0 = Release|Any CPU
		{B0C2E33D-AB9D-4BA1-89C7-4A80355913DA}.Debug|Any CPU.ActiveCfg = Debug|Any CPU
		{B0C2E33D-AB9D-4BA1-89C7-4A80355913DA}.Debug|Any CPU.Build.0 = Debug|Any CPU
		{B0C2E33D-AB9D-4BA1-89C7-4A80355913DA}.Release|Any CPU.ActiveCfg = Release|Any CPU
		{B0C2E33D-AB9D-4BA1-89C7-4A80355913DA}.Release|Any CPU.Build.0 = Release|Any CPU
		{53222BFC-8675-497F-8350-1CB17EBC79D9}.Debug|Any CPU.ActiveCfg = Debug|Any CPU
		{53222BFC-8675-497F-8350-1CB17EBC79D9}.Debug|Any CPU.Build.0 = Debug|Any CPU
		{53222BFC-8675-497F-8350-1CB17EBC79D9}.Release|Any CPU.ActiveCfg = Release|Any CPU
		{53222BFC-8675-497F-8350-1CB17EBC79D9}.Release|Any CPU.Build.0 = Release|Any CPU
		{736114CB-F259-4DBA-992D-DCEBB74D4F4E}.Debug|Any CPU.ActiveCfg = Debug|Any CPU
		{736114CB-F259-4DBA-992D-DCEBB74D4F4E}.Debug|Any CPU.Build.0 = Debug|Any CPU
		{736114CB-F259-4DBA-992D-DCEBB74D4F4E}.Release|Any CPU.ActiveCfg = Release|Any CPU
		{736114CB-F259-4DBA-992D-DCEBB74D4F4E}.Release|Any CPU.Build.0 = Release|Any CPU
		{B2CE7B94-4050-448D-8D77-D9441E9D9918}.Debug|Any CPU.ActiveCfg = Debug|Any CPU
		{B2CE7B94-4050-448D-8D77-D9441E9D9918}.Debug|Any CPU.Build.0 = Debug|Any CPU
		{B2CE7B94-4050-448D-8D77-D9441E9D9918}.Release|Any CPU.ActiveCfg = Release|Any CPU
		{B2CE7B94-4050-448D-8D77-D9441E9D9918}.Release|Any CPU.Build.0 = Release|Any CPU
		{D68EE071-4B2A-498D-92B7-F31652D4ED80}.Debug|Any CPU.ActiveCfg = Debug|Any CPU
		{D68EE071-4B2A-498D-92B7-F31652D4ED80}.Debug|Any CPU.Build.0 = Debug|Any CPU
		{D68EE071-4B2A-498D-92B7-F31652D4ED80}.Release|Any CPU.ActiveCfg = Release|Any CPU
		{D68EE071-4B2A-498D-92B7-F31652D4ED80}.Release|Any CPU.Build.0 = Release|Any CPU
		{B33DB18B-A2E8-45EE-B705-1BE3AB375657}.Debug|Any CPU.ActiveCfg = Debug|Any CPU
		{B33DB18B-A2E8-45EE-B705-1BE3AB375657}.Debug|Any CPU.Build.0 = Debug|Any CPU
		{B33DB18B-A2E8-45EE-B705-1BE3AB375657}.Release|Any CPU.ActiveCfg = Release|Any CPU
		{B33DB18B-A2E8-45EE-B705-1BE3AB375657}.Release|Any CPU.Build.0 = Release|Any CPU
		{ECF864A6-F731-4519-A40E-FC203FBCAD16}.Debug|Any CPU.ActiveCfg = Debug|Any CPU
		{ECF864A6-F731-4519-A40E-FC203FBCAD16}.Debug|Any CPU.Build.0 = Debug|Any CPU
		{ECF864A6-F731-4519-A40E-FC203FBCAD16}.Release|Any CPU.ActiveCfg = Release|Any CPU
		{ECF864A6-F731-4519-A40E-FC203FBCAD16}.Release|Any CPU.Build.0 = Release|Any CPU
		{4E5DA167-358D-490D-98CB-56FEAB5B979C}.Debug|Any CPU.ActiveCfg = Debug|Any CPU
		{4E5DA167-358D-490D-98CB-56FEAB5B979C}.Debug|Any CPU.Build.0 = Debug|Any CPU
		{4E5DA167-358D-490D-98CB-56FEAB5B979C}.Release|Any CPU.ActiveCfg = Release|Any CPU
		{4E5DA167-358D-490D-98CB-56FEAB5B979C}.Release|Any CPU.Build.0 = Release|Any CPU
		{DFD936B5-B3BF-47C9-9173-1866B272243E}.Debug|Any CPU.ActiveCfg = Debug|Any CPU
		{DFD936B5-B3BF-47C9-9173-1866B272243E}.Debug|Any CPU.Build.0 = Debug|Any CPU
		{DFD936B5-B3BF-47C9-9173-1866B272243E}.Release|Any CPU.ActiveCfg = Release|Any CPU
		{DFD936B5-B3BF-47C9-9173-1866B272243E}.Release|Any CPU.Build.0 = Release|Any CPU
		{FD5833F9-9157-41E3-B149-08844DB63761}.Debug|Any CPU.ActiveCfg = Debug|Any CPU
		{FD5833F9-9157-41E3-B149-08844DB63761}.Debug|Any CPU.Build.0 = Debug|Any CPU
		{FD5833F9-9157-41E3-B149-08844DB63761}.Release|Any CPU.ActiveCfg = Release|Any CPU
		{FD5833F9-9157-41E3-B149-08844DB63761}.Release|Any CPU.Build.0 = Release|Any CPU
		{19567FD4-FCCD-40BB-A0C3-FFB742862E13}.Debug|Any CPU.ActiveCfg = Debug|Any CPU
		{19567FD4-FCCD-40BB-A0C3-FFB742862E13}.Debug|Any CPU.Build.0 = Debug|Any CPU
		{19567FD4-FCCD-40BB-A0C3-FFB742862E13}.Release|Any CPU.ActiveCfg = Release|Any CPU
		{19567FD4-FCCD-40BB-A0C3-FFB742862E13}.Release|Any CPU.Build.0 = Release|Any CPU
		{1184BF7F-067B-4901-8AD4-32C3313FF332}.Debug|Any CPU.ActiveCfg = Debug|Any CPU
		{1184BF7F-067B-4901-8AD4-32C3313FF332}.Debug|Any CPU.Build.0 = Debug|Any CPU
		{1184BF7F-067B-4901-8AD4-32C3313FF332}.Release|Any CPU.ActiveCfg = Release|Any CPU
		{1184BF7F-067B-4901-8AD4-32C3313FF332}.Release|Any CPU.Build.0 = Release|Any CPU
		{F9CF32D0-4B26-458C-8305-F4CC4B24584B}.Debug|Any CPU.ActiveCfg = Debug|Any CPU
		{F9CF32D0-4B26-458C-8305-F4CC4B24584B}.Debug|Any CPU.Build.0 = Debug|Any CPU
		{F9CF32D0-4B26-458C-8305-F4CC4B24584B}.Release|Any CPU.ActiveCfg = Release|Any CPU
		{F9CF32D0-4B26-458C-8305-F4CC4B24584B}.Release|Any CPU.Build.0 = Release|Any CPU
	EndGlobalSection
	GlobalSection(SolutionProperties) = preSolution
		HideSolutionNode = FALSE
	EndGlobalSection
	GlobalSection(NestedProjects) = preSolution
		{3D9273BC-7F2D-456D-83FB-D618DEBA7260} = {187F6D74-679A-4DDA-853D-8B0B28AD09C6}
		{73C29F96-CD28-4680-9ECB-F9AC8DC00726} = {187F6D74-679A-4DDA-853D-8B0B28AD09C6}
		{66F34EA4-6886-445B-A37F-46D8390333D4} = {1F7D3F69-08B3-4439-910D-1D9A6B39AC55}
		{85FC4087-2928-4C4B-B64C-C5C347895EC4} = {230C45D6-880B-4FE1-845F-E7DFAC811AE0}
		{26F76977-F5B8-4892-87C8-F42719D60853} = {230C45D6-880B-4FE1-845F-E7DFAC811AE0}
		{D80B13F4-6522-40E1-AD34-E27888D72374} = {230C45D6-880B-4FE1-845F-E7DFAC811AE0}
		{701C2FC7-A6D7-4714-B184-3B24630C6B2B} = {230C45D6-880B-4FE1-845F-E7DFAC811AE0}
		{B0C2E33D-AB9D-4BA1-89C7-4A80355913DA} = {A728FAB6-34D0-42DA-B78B-19AC3C1C52C7}
		{A728FAB6-34D0-42DA-B78B-19AC3C1C52C7} = {FDF1FEC0-A995-4058-B516-24571B7B8C60}
		{53222BFC-8675-497F-8350-1CB17EBC79D9} = {A728FAB6-34D0-42DA-B78B-19AC3C1C52C7}
		{01D09FBA-E539-46AE-8138-06018CA3C22B} = {FDF1FEC0-A995-4058-B516-24571B7B8C60}
		{736114CB-F259-4DBA-992D-DCEBB74D4F4E} = {01D09FBA-E539-46AE-8138-06018CA3C22B}
		{B47D0AEF-1225-46F3-8302-C2D6B019A842} = {FDF1FEC0-A995-4058-B516-24571B7B8C60}
		{B2CE7B94-4050-448D-8D77-D9441E9D9918} = {B47D0AEF-1225-46F3-8302-C2D6B019A842}
		{D01627FD-D208-4566-96AC-FBBFEB162B07} = {B47D0AEF-1225-46F3-8302-C2D6B019A842}
		{D68EE071-4B2A-498D-92B7-F31652D4ED80} = {D01627FD-D208-4566-96AC-FBBFEB162B07}
		{B33DB18B-A2E8-45EE-B705-1BE3AB375657} = {D01627FD-D208-4566-96AC-FBBFEB162B07}
		{ECF864A6-F731-4519-A40E-FC203FBCAD16} = {1F7D3F69-08B3-4439-910D-1D9A6B39AC55}
		{ADCB684E-E432-4E54-A569-7BB55F5A74AB} = {22D48C95-DE01-4D68-866B-D4B79B3949BB}
		{4E5DA167-358D-490D-98CB-56FEAB5B979C} = {22D48C95-DE01-4D68-866B-D4B79B3949BB}
		{DFD936B5-B3BF-47C9-9173-1866B272243E} = {ADCB684E-E432-4E54-A569-7BB55F5A74AB}
		{FD5833F9-9157-41E3-B149-08844DB63761} = {ADCB684E-E432-4E54-A569-7BB55F5A74AB}
		{19567FD4-FCCD-40BB-A0C3-FFB742862E13} = {ADCB684E-E432-4E54-A569-7BB55F5A74AB}
		{1184BF7F-067B-4901-8AD4-32C3313FF332} = {ADCB684E-E432-4E54-A569-7BB55F5A74AB}
		{F9CF32D0-4B26-458C-8305-F4CC4B24584B} = {ADCB684E-E432-4E54-A569-7BB55F5A74AB}
	EndGlobalSection
	GlobalSection(ExtensibilityGlobals) = postSolution
		SolutionGuid = {6E759129-7AB8-4B10-8076-BD10FF10C3F8}
	EndGlobalSection
EndGlobal
